// !$*UTF8*$!
{
	archiveVersion = 1;
	classes = {
	};
	objectVersion = 46;
	objects = {

/* Begin PBXBuildFile section */
		27D5E818154AD3320071D4E8 /* UIKit.framework in Frameworks */ = {isa = PBXBuildFile; fileRef = 27D5E817154AD3320071D4E8 /* UIKit.framework */; };
		27D5E81A154AD3320071D4E8 /* Foundation.framework in Frameworks */ = {isa = PBXBuildFile; fileRef = 27D5E819154AD3320071D4E8 /* Foundation.framework */; };
		27D5E81C154AD3320071D4E8 /* CoreGraphics.framework in Frameworks */ = {isa = PBXBuildFile; fileRef = 27D5E81B154AD3320071D4E8 /* CoreGraphics.framework */; };
		27D5E822154AD3320071D4E8 /* InfoPlist.strings in Resources */ = {isa = PBXBuildFile; fileRef = 27D5E820154AD3320071D4E8 /* InfoPlist.strings */; };
		27D5E824154AD3320071D4E8 /* main.m in Sources */ = {isa = PBXBuildFile; fileRef = 27D5E823154AD3320071D4E8 /* main.m */; };
		27D5E828154AD3320071D4E8 /* AppDelegate.m in Sources */ = {isa = PBXBuildFile; fileRef = 27D5E827154AD3320071D4E8 /* AppDelegate.m */; };
		27D5E837154AD4C10071D4E8 /* FirstView.xib in Resources */ = {isa = PBXBuildFile; fileRef = 27D5E82E154AD4C10071D4E8 /* FirstView.xib */; };
		27D5E838154AD4C10071D4E8 /* FirstViewController.m in Sources */ = {isa = PBXBuildFile; fileRef = 27D5E830154AD4C10071D4E8 /* FirstViewController.m */; };
		27D5E839154AD4C10071D4E8 /* RootView.xib in Resources */ = {isa = PBXBuildFile; fileRef = 27D5E831154AD4C10071D4E8 /* RootView.xib */; };
		27D5E83A154AD4C10071D4E8 /* RootViewController.m in Sources */ = {isa = PBXBuildFile; fileRef = 27D5E833154AD4C10071D4E8 /* RootViewController.m */; };
		27D5E83B154AD4C10071D4E8 /* SecondView.xib in Resources */ = {isa = PBXBuildFile; fileRef = 27D5E834154AD4C10071D4E8 /* SecondView.xib */; };
		27D5E83C154AD4C10071D4E8 /* SecondViewController.m in Sources */ = {isa = PBXBuildFile; fileRef = 27D5E836154AD4C10071D4E8 /* SecondViewController.m */; };
/* End PBXBuildFile section */

/* Begin PBXFileReference section */
		27D5E813154AD3320071D4E8 /* ToolBarDemo.app */ = {isa = PBXFileReference; explicitFileType = wrapper.application; includeInIndex = 0; path = ToolBarDemo.app; sourceTree = BUILT_PRODUCTS_DIR; };
		27D5E817154AD3320071D4E8 /* UIKit.framework */ = {isa = PBXFileReference; lastKnownFileType = wrapper.framework; name = UIKit.framework; path = System/Library/Frameworks/UIKit.framework; sourceTree = SDKROOT; };
		27D5E819154AD3320071D4E8 /* Foundation.framework */ = {isa = PBXFileReference; lastKnownFileType = wrapper.framework; name = Foundation.framework; path = System/Library/Frameworks/Foundation.framework; sourceTree = SDKROOT; };
		27D5E81B154AD3320071D4E8 /* CoreGraphics.framework */ = {isa = PBXFileReference; lastKnownFileType = wrapper.framework; name = CoreGraphics.framework; path = System/Library/Frameworks/CoreGraphics.framework; sourceTree = SDKROOT; };
		27D5E81F154AD3320071D4E8 /* ToolBarDemo-Info.plist */ = {isa = PBXFileReference; lastKnownFileType = text.plist.xml; path = "ToolBarDemo-Info.plist"; sourceTree = "<group>"; };
		27D5E821154AD3320071D4E8 /* en */ = {isa = PBXFileReference; lastKnownFileType = text.plist.strings; name = en; path = en.lproj/InfoPlist.strings; sourceTree = "<group>"; };
		27D5E823154AD3320071D4E8 /* main.m */ = {isa = PBXFileReference; lastKnownFileType = sourcecode.c.objc; path = main.m; sourceTree = "<group>"; };
		27D5E825154AD3320071D4E8 /* ToolBarDemo-Prefix.pch */ = {isa = PBXFileReference; lastKnownFileType = sourcecode.c.h; path = "ToolBarDemo-Prefix.pch"; sourceTree = "<group>"; };
		27D5E826154AD3320071D4E8 /* AppDelegate.h */ = {isa = PBXFileReference; lastKnownFileType = sourcecode.c.h; path = AppDelegate.h; sourceTree = "<group>"; };
		27D5E827154AD3320071D4E8 /* AppDelegate.m */ = {isa = PBXFileReference; lastKnownFileType = sourcecode.c.objc; path = AppDelegate.m; sourceTree = "<group>"; };
		27D5E82E154AD4C10071D4E8 /* FirstView.xib */ = {isa = PBXFileReference; fileEncoding = 4; lastKnownFileType = file.xib; path = FirstView.xib; sourceTree = "<group>"; };
		27D5E82F154AD4C10071D4E8 /* FirstViewController.h */ = {isa = PBXFileReference; fileEncoding = 4; lastKnownFileType = sourcecode.c.h; path = FirstViewController.h; sourceTree = "<group>"; };
		27D5E830154AD4C10071D4E8 /* FirstViewController.m */ = {isa = PBXFileReference; fileEncoding = 4; lastKnownFileType = sourcecode.c.objc; path = FirstViewController.m; sourceTree = "<group>"; };
		27D5E831154AD4C10071D4E8 /* RootView.xib */ = {isa = PBXFileReference; fileEncoding = 4; lastKnownFileType = file.xib; path = RootView.xib; sourceTree = "<group>"; };
		27D5E832154AD4C10071D4E8 /* RootViewController.h */ = {isa = PBXFileReference; fileEncoding = 4; lastKnownFileType = sourcecode.c.h; path = RootViewController.h; sourceTree = "<group>"; };
		27D5E833154AD4C10071D4E8 /* RootViewController.m */ = {isa = PBXFileReference; fileEncoding = 4; lastKnownFileType = sourcecode.c.objc; path = RootViewController.m; sourceTree = "<group>"; };
		27D5E834154AD4C10071D4E8 /* SecondView.xib */ = {isa = PBXFileReference; fileEncoding = 4; lastKnownFileType = file.xib; path = SecondView.xib; sourceTree = "<group>"; };
		27D5E835154AD4C10071D4E8 /* SecondViewController.h */ = {isa = PBXFileReference; fileEncoding = 4; lastKnownFileType = sourcecode.c.h; path = SecondViewController.h; sourceTree = "<group>"; };
		27D5E836154AD4C10071D4E8 /* SecondViewController.m */ = {isa = PBXFileReference; fileEncoding = 4; lastKnownFileType = sourcecode.c.objc; path = SecondViewController.m; sourceTree = "<group>"; };
/* End PBXFileReference section */

/* Begin PBXFrameworksBuildPhase section */
		27D5E810154AD3320071D4E8 /* Frameworks */ = {
			isa = PBXFrameworksBuildPhase;
			buildActionMask = 2147483647;
			files = (
				27D5E818154AD3320071D4E8 /* UIKit.framework in Frameworks */,
				27D5E81A154AD3320071D4E8 /* Foundation.framework in Frameworks */,
				27D5E81C154AD3320071D4E8 /* CoreGraphics.framework in Frameworks */,
			);
			runOnlyForDeploymentPostprocessing = 0;
		};
/* End PBXFrameworksBuildPhase section */

/* Begin PBXGroup section */
		27D5E808154AD3310071D4E8 = {
			isa = PBXGroup;
			children = (
				27D5E81D154AD3320071D4E8 /* ToolBarDemo */,
				27D5E816154AD3320071D4E8 /* Frameworks */,
				27D5E814154AD3320071D4E8 /* Products */,
			);
			sourceTree = "<group>";
		};
		27D5E814154AD3320071D4E8 /* Products */ = {
			isa = PBXGroup;
			children = (
				27D5E813154AD3320071D4E8 /* ToolBarDemo.app */,
			);
			name = Products;
			sourceTree = "<group>";
		};
		27D5E816154AD3320071D4E8 /* Frameworks */ = {
			isa = PBXGroup;
			children = (
				27D5E817154AD3320071D4E8 /* UIKit.framework */,
				27D5E819154AD3320071D4E8 /* Foundation.framework */,
				27D5E81B154AD3320071D4E8 /* CoreGraphics.framework */,
			);
			name = Frameworks;
			sourceTree = "<group>";
		};
		27D5E81D154AD3320071D4E8 /* ToolBarDemo */ = {
			isa = PBXGroup;
			children = (
				27D5E82E154AD4C10071D4E8 /* FirstView.xib */,
				27D5E82F154AD4C10071D4E8 /* FirstViewController.h */,
				27D5E830154AD4C10071D4E8 /* FirstViewController.m */,
				27D5E831154AD4C10071D4E8 /* RootView.xib */,
				27D5E832154AD4C10071D4E8 /* RootViewController.h */,
				27D5E833154AD4C10071D4E8 /* RootViewController.m */,
				27D5E834154AD4C10071D4E8 /* SecondView.xib */,
				27D5E835154AD4C10071D4E8 /* SecondViewController.h */,
				27D5E836154AD4C10071D4E8 /* SecondViewController.m */,
				27D5E826154AD3320071D4E8 /* AppDelegate.h */,
				27D5E827154AD3320071D4E8 /* AppDelegate.m */,
				27D5E81E154AD3320071D4E8 /* Supporting Files */,
			);
			path = ToolBarDemo;
			sourceTree = "<group>";
		};
		27D5E81E154AD3320071D4E8 /* Supporting Files */ = {
			isa = PBXGroup;
			children = (
				27D5E81F154AD3320071D4E8 /* ToolBarDemo-Info.plist */,
				27D5E820154AD3320071D4E8 /* InfoPlist.strings */,
				27D5E823154AD3320071D4E8 /* main.m */,
				27D5E825154AD3320071D4E8 /* ToolBarDemo-Prefix.pch */,
			);
			name = "Supporting Files";
			sourceTree = "<group>";
		};
/* End PBXGroup section */

/* Begin PBXNativeTarget section */
		27D5E812154AD3320071D4E8 /* ToolBarDemo */ = {
			isa = PBXNativeTarget;
			buildConfigurationList = 27D5E82B154AD3320071D4E8 /* Build configuration list for PBXNativeTarget "ToolBarDemo" */;
			buildPhases = (
				27D5E80F154AD3320071D4E8 /* Sources */,
				27D5E810154AD3320071D4E8 /* Frameworks */,
				27D5E811154AD3320071D4E8 /* Resources */,
			);
			buildRules = (
			);
			dependencies = (
			);
			name = ToolBarDemo;
			productName = ToolBarDemo;
			productReference = 27D5E813154AD3320071D4E8 /* ToolBarDemo.app */;
			productType = "com.apple.product-type.application";
		};
/* End PBXNativeTarget section */

/* Begin PBXProject section */
		27D5E80A154AD3310071D4E8 /* Project object */ = {
			isa = PBXProject;
			attributes = {
				LastUpgradeCheck = 0420;
				ORGANIZATIONNAME = "Kenneth Zhao";
			};
			buildConfigurationList = 27D5E80D154AD3310071D4E8 /* Build configuration list for PBXProject "ToolBarDemo" */;
			compatibilityVersion = "Xcode 3.2";
			developmentRegion = English;
			hasScannedForEncodings = 0;
			knownRegions = (
				en,
			);
			mainGroup = 27D5E808154AD3310071D4E8;
			productRefGroup = 27D5E814154AD3320071D4E8 /* Products */;
			projectDirPath = "";
			projectRoot = "";
			targets = (
				27D5E812154AD3320071D4E8 /* ToolBarDemo */,
			);
		};
/* End PBXProject section */

/* Begin PBXResourcesBuildPhase section */
		27D5E811154AD3320071D4E8 /* Resources */ = {
			isa = PBXResourcesBuildPhase;
			buildActionMask = 2147483647;
			files = (
				27D5E822154AD3320071D4E8 /* InfoPlist.strings in Resources */,
				27D5E837154AD4C10071D4E8 /* FirstView.xib in Resources */,
				27D5E839154AD4C10071D4E8 /* RootView.xib in Resources */,
				27D5E83B154AD4C10071D4E8 /* SecondView.xib in Resources */,
			);
			runOnlyForDeploymentPostprocessing = 0;
		};
/* End PBXResourcesBuildPhase section */

/* Begin PBXSourcesBuildPhase section */
		27D5E80F154AD3320071D4E8 /* Sources */ = {
			isa = PBXSourcesBuildPhase;
			buildActionMask = 2147483647;
			files = (
				27D5E824154AD3320071D4E8 /* main.m in Sources */,
				27D5E828154AD3320071D4E8 /* AppDelegate.m in Sources */,
				27D5E838154AD4C10071D4E8 /* FirstViewController.m in Sources */,
				27D5E83A154AD4C10071D4E8 /* RootViewController.m in Sources */,
				27D5E83C154AD4C10071D4E8 /* SecondViewController.m in Sources */,
			);
			runOnlyForDeploymentPostprocessing = 0;
		};
/* End PBXSourcesBuildPhase section */

/* Begin PBXVariantGroup section */
		27D5E820154AD3320071D4E8 /* InfoPlist.strings */ = {
			isa = PBXVariantGroup;
			children = (
				27D5E821154AD3320071D4E8 /* en */,
			);
			name = InfoPlist.strings;
			sourceTree = "<group>";
		};
/* End PBXVariantGroup section */

/* Begin XCBuildConfiguration section */
		27D5E829154AD3320071D4E8 /* Debug */ = {
			isa = XCBuildConfiguration;
			buildSettings = {
				ALWAYS_SEARCH_USER_PATHS = NO;
				ARCHS = "$(ARCHS_STANDARD_32_BIT)";
				"CODE_SIGN_IDENTITY[sdk=iphoneos*]" = "iPhone Developer";
				COPY_PHASE_STRIP = NO;
				GCC_C_LANGUAGE_STANDARD = gnu99;
				GCC_DYNAMIC_NO_PIC = NO;
				GCC_OPTIMIZATION_LEVEL = 0;
				GCC_PREPROCESSOR_DEFINITIONS = (
					"DEBUG=1",
					"$(inherited)",
				);
				GCC_SYMBOLS_PRIVATE_EXTERN = NO;
				GCC_VERSION = com.apple.compilers.llvm.clang.1_0;
				GCC_WARN_ABOUT_MISSING_PROTOTYPES = YES;
				GCC_WARN_ABOUT_RETURN_TYPE = YES;
				GCC_WARN_UNUSED_VARIABLE = YES;
				IPHONEOS_DEPLOYMENT_TARGET = 5.0;
				SDKROOT = iphoneos;
				TARGETED_DEVICE_FAMILY = "1,2";
			};
			name = Debug;
		};
		27D5E82A154AD3320071D4E8 /* Release */ = {
			isa = XCBuildConfiguration;
			buildSettings = {
				ALWAYS_SEARCH_USER_PATHS = NO;
				ARCHS = "$(ARCHS_STANDARD_32_BIT)";
				"CODE_SIGN_IDENTITY[sdk=iphoneos*]" = "iPhone Developer";
				COPY_PHASE_STRIP = YES;
				GCC_C_LANGUAGE_STANDARD = gnu99;
				GCC_VERSION = com.apple.compilers.llvm.clang.1_0;
				GCC_WARN_ABOUT_MISSING_PROTOTYPES = YES;
				GCC_WARN_ABOUT_RETURN_TYPE = YES;
				GCC_WARN_UNUSED_VARIABLE = YES;
				IPHONEOS_DEPLOYMENT_TARGET = 5.0;
				OTHER_CFLAGS = "-DNS_BLOCK_ASSERTIONS=1";
				SDKROOT = iphoneos;
				TARGETED_DEVICE_FAMILY = "1,2";
				VALIDATE_PRODUCT = YES;
			};
			name = Release;
		};
		27D5E82C154AD3320071D4E8 /* Debug */ = {
			isa = XCBuildConfiguration;
			buildSettings = {
				GCC_PRECOMPILE_PREFIX_HEADER = YES;
				GCC_PREFIX_HEADER = "ToolBarDemo/ToolBarDemo-Prefix.pch";
				INFOPLIST_FILE = "ToolBarDemo/ToolBarDemo-Info.plist";
				PRODUCT_NAME = "$(TARGET_NAME)";
				WRAPPER_EXTENSION = app;
			};
			name = Debug;
		};
		27D5E82D154AD3320071D4E8 /* Release */ = {
			isa = XCBuildConfiguration;
			buildSettings = {
				GCC_PRECOMPILE_PREFIX_HEADER = YES;
				GCC_PREFIX_HEADER = "ToolBarDemo/ToolBarDemo-Prefix.pch";
				INFOPLIST_FILE = "ToolBarDemo/ToolBarDemo-Info.plist";
				PRODUCT_NAME = "$(TARGET_NAME)";
				WRAPPER_EXTENSION = app;
			};
			name = Release;
		};
/* End XCBuildConfiguration section */

/* Begin XCConfigurationList section */
		27D5E80D154AD3310071D4E8 /* Build configuration list for PBXProject "ToolBarDemo" */ = {
			isa = XCConfigurationList;
			buildConfigurations = (
				27D5E829154AD3320071D4E8 /* Debug */,
				27D5E82A154AD3320071D4E8 /* Release */,
			);
			defaultConfigurationIsVisible = 0;
			defaultConfigurationName = Release;
		};
		27D5E82B154AD3320071D4E8 /* Build configuration list for PBXNativeTarget "ToolBarDemo" */ = {
			isa = XCConfigurationList;
			buildConfigurations = (
				27D5E82C154AD3320071D4E8 /* Debug */,
				27D5E82D154AD3320071D4E8 /* Release */,
			);
			defaultConfigurationIsVisible = 0;
		};
/* End XCConfigurationList section */
	};
	rootObject = 27D5E80A154AD3310071D4E8 /* Project object */;
}
